
Microsoft Visual Studio Solution File, Format Version 12.00
# Visual Studio Version 17
VisualStudioVersion = 17.7.34018.315
MinimumVisualStudioVersion = 10.0.40219.1
Project("{9A19103F-16F7-4668-BE54-9A1E7A4F7556}") = "Singleton_Example1", "Object Oriented Design Patterns\Singleton_Example1.csproj", "{D1819C3D-D8B6-4476-8B26-616536F29D7A}"
EndProject
Project("{9A19103F-16F7-4668-BE54-9A1E7A4F7556}") = "Singleton_Example2", "Singleton_Example2\Singleton_Example2.csproj", "{B3C21439-E5AD-4B80-90ED-7B3DBFE0A093}"
EndProject
Project("{9A19103F-16F7-4668-BE54-9A1E7A4F7556}") = "Factory_Example1", "Factory_Example1\Factory_Example1.csproj", "{71D2F946-9E37-41E3-84C4-BB02BF61C7F1}"
EndProject
Project("{2150E333-8FDC-42A3-9474-1A3956D46DE8}") = "1. Singleton", "1. Singleton", "{F6BE37CA-2CA4-4D2E-B509-6A555E4661DC}"
EndProject
Project("{2150E333-8FDC-42A3-9474-1A3956D46DE8}") = "2. Factory", "2. Factory", "{F2D3E6F3-3E23-4A10-B35E-383C55460D30}"
EndProject
Project("{9A19103F-16F7-4668-BE54-9A1E7A4F7556}") = "Factory_Example2", "Factory_Example2\Factory_Example2.csproj", "{9AE4A159-2492-4ADC-938F-C031FCC9E09E}"
EndProject
Project("{9A19103F-16F7-4668-BE54-9A1E7A4F7556}") = "AbstractFactory_Test", "Factory_Test\AbstractFactory_Test.csproj", "{C03DDD03-E2C5-44BD-97F0-02A7AE86CF8A}"
EndProject
Project("{9A19103F-16F7-4668-BE54-9A1E7A4F7556}") = "AbstractFactory_Exam", "AbstractFactory_Exam\AbstractFactory_Exam.csproj", "{966FAF69-DA9C-4F3E-9B24-92215F36EADA}"
EndProject
Project("{2150E333-8FDC-42A3-9474-1A3956D46DE8}") = "4. Strategy", "4. Strategy", "{2A704E70-34C9-4671-8A53-DEAEF8FB554F}"
EndProject
Project("{9A19103F-16F7-4668-BE54-9A1E7A4F7556}") = "Strategy_Example1", "Strategy_Example1\Strategy_Example1.csproj", "{3E3EFCF6-C6CD-4AC4-8BA7-CCC1E2636FE2}"
EndProject
Project("{2150E333-8FDC-42A3-9474-1A3956D46DE8}") = "5. Observer", "5. Observer", "{D21AE8BD-8306-4869-AA50-DE24892E5CB4}"
EndProject
Project("{9A19103F-16F7-4668-BE54-9A1E7A4F7556}") = "Observer_Example1", "Observer_Example1\Observer_Example1.csproj", "{93B3B54C-92D0-49FE-98FD-4E4B00580B0B}"
EndProject
Project("{2150E333-8FDC-42A3-9474-1A3956D46DE8}") = "6. Builder", "6. Builder", "{4D312B0D-1621-4389-884F-FE7CAC2EA4D3}"
EndProject
Project("{FAE04EC0-301F-11D3-BF4B-00C04F79EFBC}") = "Builder_Example1", "Builder_Example1\Builder_Example1.csproj", "{09CCC7B3-D7F9-4AFA-8892-7820020B5870}"
EndProject
Project("{FAE04EC0-301F-11D3-BF4B-00C04F79EFBC}") = "Builder_Example2", "Builder_Example2\Builder_Example2.csproj", "{A5C24334-AF25-40D6-BB0B-9D9FE00272DC}"
EndProject
Project("{2150E333-8FDC-42A3-9474-1A3956D46DE8}") = "7. Prototype", "7. Prototype", "{F0F6961B-D086-420F-BACB-B4EAD08FE863}"
EndProject
Project("{FAE04EC0-301F-11D3-BF4B-00C04F79EFBC}") = "Prototype_Example1", "Prototype_Example1\Prototype_Example1.csproj", "{33A8A74A-0F34-4057-93DD-E6CA0494F47E}"
EndProject
Project("{2150E333-8FDC-42A3-9474-1A3956D46DE8}") = "8. Decorator", "8. Decorator", "{C67B6824-8052-46E3-86C2-A6728DEDC6AC}"
EndProject
Project("{FAE04EC0-301F-11D3-BF4B-00C04F79EFBC}") = "Decorator_Example1", "Decorator_Example1\Decorator_Example1.csproj", "{F01614DB-A303-4ECF-A703-9783059D1BF3}"
EndProject
Project("{2150E333-8FDC-42A3-9474-1A3956D46DE8}") = "9. Command", "9. Command", "{8B687600-8E4D-4A7B-A57E-6E6BAC55D860}"
EndProject
Project("{FAE04EC0-301F-11D3-BF4B-00C04F79EFBC}") = "Command_Example1", "Command_Example1\Command_Example1.csproj", "{627042CB-422B-4DA1-ADB9-FBBF33552D82}"
EndProject
Project("{2150E333-8FDC-42A3-9474-1A3956D46DE8}") = "10. Adapter", "10. Adapter", "{A37173D1-4F29-4610-BF8F-8F55897DA6F6}"
EndProject
Project("{FAE04EC0-301F-11D3-BF4B-00C04F79EFBC}") = "Adapter_Example1", "Adapter_Example1\Adapter_Example1.csproj", "{9FB21670-C20F-4213-9660-330AAB34332B}"
EndProject
Project("{2150E333-8FDC-42A3-9474-1A3956D46DE8}") = "11. Fascade", "11. Fascade", "{5AEAA75F-AEBB-4688-AF05-EC0ACB018669}"
EndProject
Project("{FAE04EC0-301F-11D3-BF4B-00C04F79EFBC}") = "Fascade_Example1", "Fascade_Example1\Fascade_Example1.csproj", "{1B0674CA-B0DB-48ED-B321-42E0F238DF0F}"
EndProject
Project("{2150E333-8FDC-42A3-9474-1A3956D46DE8}") = "12. Composite", "12. Composite", "{F0DC755C-3B3F-493C-98D5-F413A6EEF34E}"
EndProject
Project("{FAE04EC0-301F-11D3-BF4B-00C04F79EFBC}") = "Fascade_Example2", "Fascade_Example2\Fascade_Example2.csproj", "{3E19DB32-A071-4EEC-A68F-7AE0AE78370B}"
EndProject
Project("{FAE04EC0-301F-11D3-BF4B-00C04F79EFBC}") = "Composite_Example1", "Composite_Example1\Composite_Example1.csproj", "{313F0548-7208-4FEC-B88C-EB5CC6F34F16}"
EndProject
Global
	GlobalSection(SolutionConfigurationPlatforms) = preSolution
		Debug|Any CPU = Debug|Any CPU
		Release|Any CPU = Release|Any CPU
	EndGlobalSection
	GlobalSection(ProjectConfigurationPlatforms) = postSolution
		{D1819C3D-D8B6-4476-8B26-616536F29D7A}.Debug|Any CPU.ActiveCfg = Debug|Any CPU
		{D1819C3D-D8B6-4476-8B26-616536F29D7A}.Debug|Any CPU.Build.0 = Debug|Any CPU
		{D1819C3D-D8B6-4476-8B26-616536F29D7A}.Release|Any CPU.ActiveCfg = Release|Any CPU
		{D1819C3D-D8B6-4476-8B26-616536F29D7A}.Release|Any CPU.Build.0 = Release|Any CPU
		{B3C21439-E5AD-4B80-90ED-7B3DBFE0A093}.Debug|Any CPU.ActiveCfg = Debug|Any CPU
		{B3C21439-E5AD-4B80-90ED-7B3DBFE0A093}.Debug|Any CPU.Build.0 = Debug|Any CPU
		{B3C21439-E5AD-4B80-90ED-7B3DBFE0A093}.Release|Any CPU.ActiveCfg = Release|Any CPU
		{B3C21439-E5AD-4B80-90ED-7B3DBFE0A093}.Release|Any CPU.Build.0 = Release|Any CPU
		{71D2F946-9E37-41E3-84C4-BB02BF61C7F1}.Debug|Any CPU.ActiveCfg = Debug|Any CPU
		{71D2F946-9E37-41E3-84C4-BB02BF61C7F1}.Debug|Any CPU.Build.0 = Debug|Any CPU
		{71D2F946-9E37-41E3-84C4-BB02BF61C7F1}.Release|Any CPU.ActiveCfg = Release|Any CPU
		{71D2F946-9E37-41E3-84C4-BB02BF61C7F1}.Release|Any CPU.Build.0 = Release|Any CPU
		{9AE4A159-2492-4ADC-938F-C031FCC9E09E}.Debug|Any CPU.ActiveCfg = Debug|Any CPU
		{9AE4A159-2492-4ADC-938F-C031FCC9E09E}.Debug|Any CPU.Build.0 = Debug|Any CPU
		{9AE4A159-2492-4ADC-938F-C031FCC9E09E}.Release|Any CPU.ActiveCfg = Release|Any CPU
		{9AE4A159-2492-4ADC-938F-C031FCC9E09E}.Release|Any CPU.Build.0 = Release|Any CPU
		{C03DDD03-E2C5-44BD-97F0-02A7AE86CF8A}.Debug|Any CPU.ActiveCfg = Debug|Any CPU
		{C03DDD03-E2C5-44BD-97F0-02A7AE86CF8A}.Debug|Any CPU.Build.0 = Debug|Any CPU
		{C03DDD03-E2C5-44BD-97F0-02A7AE86CF8A}.Release|Any CPU.ActiveCfg = Release|Any CPU
		{C03DDD03-E2C5-44BD-97F0-02A7AE86CF8A}.Release|Any CPU.Build.0 = Release|Any CPU
		{966FAF69-DA9C-4F3E-9B24-92215F36EADA}.Debug|Any CPU.ActiveCfg = Debug|Any CPU
		{966FAF69-DA9C-4F3E-9B24-92215F36EADA}.Debug|Any CPU.Build.0 = Debug|Any CPU
		{966FAF69-DA9C-4F3E-9B24-92215F36EADA}.Release|Any CPU.ActiveCfg = Release|Any CPU
		{966FAF69-DA9C-4F3E-9B24-92215F36EADA}.Release|Any CPU.Build.0 = Release|Any CPU
		{3E3EFCF6-C6CD-4AC4-8BA7-CCC1E2636FE2}.Debug|Any CPU.ActiveCfg = Debug|Any CPU
		{3E3EFCF6-C6CD-4AC4-8BA7-CCC1E2636FE2}.Debug|Any CPU.Build.0 = Debug|Any CPU
		{3E3EFCF6-C6CD-4AC4-8BA7-CCC1E2636FE2}.Release|Any CPU.ActiveCfg = Release|Any CPU
		{3E3EFCF6-C6CD-4AC4-8BA7-CCC1E2636FE2}.Release|Any CPU.Build.0 = Release|Any CPU
		{93B3B54C-92D0-49FE-98FD-4E4B00580B0B}.Debug|Any CPU.ActiveCfg = Debug|Any CPU
		{93B3B54C-92D0-49FE-98FD-4E4B00580B0B}.Debug|Any CPU.Build.0 = Debug|Any CPU
		{93B3B54C-92D0-49FE-98FD-4E4B00580B0B}.Release|Any CPU.ActiveCfg = Release|Any CPU
		{93B3B54C-92D0-49FE-98FD-4E4B00580B0B}.Release|Any CPU.Build.0 = Release|Any CPU
		{09CCC7B3-D7F9-4AFA-8892-7820020B5870}.Debug|Any CPU.ActiveCfg = Debug|Any CPU
		{09CCC7B3-D7F9-4AFA-8892-7820020B5870}.Debug|Any CPU.Build.0 = Debug|Any CPU
		{09CCC7B3-D7F9-4AFA-8892-7820020B5870}.Release|Any CPU.ActiveCfg = Release|Any CPU
		{09CCC7B3-D7F9-4AFA-8892-7820020B5870}.Release|Any CPU.Build.0 = Release|Any CPU
		{A5C24334-AF25-40D6-BB0B-9D9FE00272DC}.Debug|Any CPU.ActiveCfg = Debug|Any CPU
		{A5C24334-AF25-40D6-BB0B-9D9FE00272DC}.Debug|Any CPU.Build.0 = Debug|Any CPU
		{A5C24334-AF25-40D6-BB0B-9D9FE00272DC}.Release|Any CPU.ActiveCfg = Release|Any CPU
		{A5C24334-AF25-40D6-BB0B-9D9FE00272DC}.Release|Any CPU.Build.0 = Release|Any CPU
		{33A8A74A-0F34-4057-93DD-E6CA0494F47E}.Debug|Any CPU.ActiveCfg = Debug|Any CPU
		{33A8A74A-0F34-4057-93DD-E6CA0494F47E}.Debug|Any CPU.Build.0 = Debug|Any CPU
		{33A8A74A-0F34-4057-93DD-E6CA0494F47E}.Release|Any CPU.ActiveCfg = Release|Any CPU
		{33A8A74A-0F34-4057-93DD-E6CA0494F47E}.Release|Any CPU.Build.0 = Release|Any CPU
		{F01614DB-A303-4ECF-A703-9783059D1BF3}.Debug|Any CPU.ActiveCfg = Debug|Any CPU
		{F01614DB-A303-4ECF-A703-9783059D1BF3}.Debug|Any CPU.Build.0 = Debug|Any CPU
		{F01614DB-A303-4ECF-A703-9783059D1BF3}.Release|Any CPU.ActiveCfg = Release|Any CPU
		{F01614DB-A303-4ECF-A703-9783059D1BF3}.Release|Any CPU.Build.0 = Release|Any CPU
		{627042CB-422B-4DA1-ADB9-FBBF33552D82}.Debug|Any CPU.ActiveCfg = Debug|Any CPU
		{627042CB-422B-4DA1-ADB9-FBBF33552D82}.Debug|Any CPU.Build.0 = Debug|Any CPU
		{627042CB-422B-4DA1-ADB9-FBBF33552D82}.Release|Any CPU.ActiveCfg = Release|Any CPU
		{627042CB-422B-4DA1-ADB9-FBBF33552D82}.Release|Any CPU.Build.0 = Release|Any CPU
		{9FB21670-C20F-4213-9660-330AAB34332B}.Debug|Any CPU.ActiveCfg = Debug|Any CPU
		{9FB21670-C20F-4213-9660-330AAB34332B}.Debug|Any CPU.Build.0 = Debug|Any CPU
		{9FB21670-C20F-4213-9660-330AAB34332B}.Release|Any CPU.ActiveCfg = Release|Any CPU
		{9FB21670-C20F-4213-9660-330AAB34332B}.Release|Any CPU.Build.0 = Release|Any CPU
		{1B0674CA-B0DB-48ED-B321-42E0F238DF0F}.Debug|Any CPU.ActiveCfg = Debug|Any CPU
		{1B0674CA-B0DB-48ED-B321-42E0F238DF0F}.Debug|Any CPU.Build.0 = Debug|Any CPU
		{1B0674CA-B0DB-48ED-B321-42E0F238DF0F}.Release|Any CPU.ActiveCfg = Release|Any CPU
		{1B0674CA-B0DB-48ED-B321-42E0F238DF0F}.Release|Any CPU.Build.0 = Release|Any CPU
		{3E19DB32-A071-4EEC-A68F-7AE0AE78370B}.Debug|Any CPU.ActiveCfg = Debug|Any CPU
		{3E19DB32-A071-4EEC-A68F-7AE0AE78370B}.Debug|Any CPU.Build.0 = Debug|Any CPU
		{3E19DB32-A071-4EEC-A68F-7AE0AE78370B}.Release|Any CPU.ActiveCfg = Release|Any CPU
		{3E19DB32-A071-4EEC-A68F-7AE0AE78370B}.Release|Any CPU.Build.0 = Release|Any CPU
		{313F0548-7208-4FEC-B88C-EB5CC6F34F16}.Debug|Any CPU.ActiveCfg = Debug|Any CPU
		{313F0548-7208-4FEC-B88C-EB5CC6F34F16}.Debug|Any CPU.Build.0 = Debug|Any CPU
		{313F0548-7208-4FEC-B88C-EB5CC6F34F16}.Release|Any CPU.ActiveCfg = Release|Any CPU
		{313F0548-7208-4FEC-B88C-EB5CC6F34F16}.Release|Any CPU.Build.0 = Release|Any CPU
	EndGlobalSection
	GlobalSection(SolutionProperties) = preSolution
		HideSolutionNode = FALSE
	EndGlobalSection
	GlobalSection(NestedProjects) = preSolution
		{D1819C3D-D8B6-4476-8B26-616536F29D7A} = {F6BE37CA-2CA4-4D2E-B509-6A555E4661DC}
		{B3C21439-E5AD-4B80-90ED-7B3DBFE0A093} = {F6BE37CA-2CA4-4D2E-B509-6A555E4661DC}
		{71D2F946-9E37-41E3-84C4-BB02BF61C7F1} = {F2D3E6F3-3E23-4A10-B35E-383C55460D30}
		{9AE4A159-2492-4ADC-938F-C031FCC9E09E} = {F2D3E6F3-3E23-4A10-B35E-383C55460D30}
		{C03DDD03-E2C5-44BD-97F0-02A7AE86CF8A} = {F2D3E6F3-3E23-4A10-B35E-383C55460D30}
		{966FAF69-DA9C-4F3E-9B24-92215F36EADA} = {F2D3E6F3-3E23-4A10-B35E-383C55460D30}
		{3E3EFCF6-C6CD-4AC4-8BA7-CCC1E2636FE2} = {2A704E70-34C9-4671-8A53-DEAEF8FB554F}
		{93B3B54C-92D0-49FE-98FD-4E4B00580B0B} = {D21AE8BD-8306-4869-AA50-DE24892E5CB4}
		{09CCC7B3-D7F9-4AFA-8892-7820020B5870} = {4D312B0D-1621-4389-884F-FE7CAC2EA4D3}
		{A5C24334-AF25-40D6-BB0B-9D9FE00272DC} = {4D312B0D-1621-4389-884F-FE7CAC2EA4D3}
		{33A8A74A-0F34-4057-93DD-E6CA0494F47E} = {F0F6961B-D086-420F-BACB-B4EAD08FE863}
		{F01614DB-A303-4ECF-A703-9783059D1BF3} = {C67B6824-8052-46E3-86C2-A6728DEDC6AC}
		{627042CB-422B-4DA1-ADB9-FBBF33552D82} = {8B687600-8E4D-4A7B-A57E-6E6BAC55D860}
		{9FB21670-C20F-4213-9660-330AAB34332B} = {A37173D1-4F29-4610-BF8F-8F55897DA6F6}
		{1B0674CA-B0DB-48ED-B321-42E0F238DF0F} = {5AEAA75F-AEBB-4688-AF05-EC0ACB018669}
		{3E19DB32-A071-4EEC-A68F-7AE0AE78370B} = {5AEAA75F-AEBB-4688-AF05-EC0ACB018669}
		{313F0548-7208-4FEC-B88C-EB5CC6F34F16} = {F0DC755C-3B3F-493C-98D5-F413A6EEF34E}
	EndGlobalSection
	GlobalSection(ExtensibilityGlobals) = postSolution
		SolutionGuid = {5CB32DC6-55F5-4187-942E-8049E5F07DA6}
	EndGlobalSection
EndGlobal
